// !$*UTF8*$!
{
	archiveVersion = 1;
	classes = {
	};
	objectVersion = 50;
	objects = {

/* Begin PBXBuildFile section */
		AA17305224CF91CA004454AB /* AppDelegate.swift in Sources */ = {isa = PBXBuildFile; fileRef = AA17305124CF91CA004454AB /* AppDelegate.swift */; };
		AA17305424CF91CA004454AB /* ViewController.swift in Sources */ = {isa = PBXBuildFile; fileRef = AA17305324CF91CA004454AB /* ViewController.swift */; };
		AA17305624CF91CD004454AB /* Assets.xcassets in Resources */ = {isa = PBXBuildFile; fileRef = AA17305524CF91CD004454AB /* Assets.xcassets */; };
		AA17305924CF91CD004454AB /* Main.storyboard in Resources */ = {isa = PBXBuildFile; fileRef = AA17305724CF91CD004454AB /* Main.storyboard */; };
		AA39EB0124D072EF0000EA70 /* LeftCollViewItem.swift in Sources */ = {isa = PBXBuildFile; fileRef = AA39EAFF24D072EF0000EA70 /* LeftCollViewItem.swift */; };
		AA39EB0524D07F9A0000EA70 /* RightCollItem.swift in Sources */ = {isa = PBXBuildFile; fileRef = AA39EB0324D07F9A0000EA70 /* RightCollItem.swift */; };
		AA39EB0A24D0836F0000EA70 /* LeftItem.swift in Sources */ = {isa = PBXBuildFile; fileRef = AA39EB0924D0836F0000EA70 /* LeftItem.swift */; };
		AA39EB0C24D0850A0000EA70 /* CollViewDelegate.swift in Sources */ = {isa = PBXBuildFile; fileRef = AA39EB0B24D0850A0000EA70 /* CollViewDelegate.swift */; };
		AA39EB0E24D0854B0000EA70 /* CollViewDatasource.swift in Sources */ = {isa = PBXBuildFile; fileRef = AA39EB0D24D0854B0000EA70 /* CollViewDatasource.swift */; };
		AA39EB1024D091D20000EA70 /* RightItem.swift in Sources */ = {isa = PBXBuildFile; fileRef = AA39EB0F24D091D20000EA70 /* RightItem.swift */; };
		AA39EB1224D0928A0000EA70 /* Items.swift in Sources */ = {isa = PBXBuildFile; fileRef = AA39EB1124D0928A0000EA70 /* Items.swift */; };
		AA6303D324D72F76004558BB /* NSView+bringToFront.swift in Sources */ = {isa = PBXBuildFile; fileRef = AA6303D224D72F76004558BB /* NSView+bringToFront.swift */; };
		AA6303D524D77224004558BB /* ToolbarItemConfiguration.swift in Sources */ = {isa = PBXBuildFile; fileRef = AA6303D424D77224004558BB /* ToolbarItemConfiguration.swift */; };
		AA6303D724D7772B004558BB /* Toolbar.swift in Sources */ = {isa = PBXBuildFile; fileRef = AA6303D624D7772B004558BB /* Toolbar.swift */; };
		AA6303D924D77C62004558BB /* WindowController.swift in Sources */ = {isa = PBXBuildFile; fileRef = AA6303D824D77C62004558BB /* WindowController.swift */; };
		AAB92E1724D5B07A008E04D1 /* TableRow.swift in Sources */ = {isa = PBXBuildFile; fileRef = AAB92E1624D5B07A008E04D1 /* TableRow.swift */; };
		AAB92E1B24D5CCF1008E04D1 /* Outline Delegate.swift in Sources */ = {isa = PBXBuildFile; fileRef = AAB92E1A24D5CCF1008E04D1 /* Outline Delegate.swift */; };
		AAB92E1D24D5CD33008E04D1 /* Outline DataSource.swift in Sources */ = {isa = PBXBuildFile; fileRef = AAB92E1C24D5CD33008E04D1 /* Outline DataSource.swift */; };
		AAB92E1F24D5F7D6008E04D1 /* VerticallyCenteredTextFieldCell.swift in Sources */ = {isa = PBXBuildFile; fileRef = AAB92E1E24D5F7D6008E04D1 /* VerticallyCenteredTextFieldCell.swift */; };
		AAB92E2124D6090A008E04D1 /* OutlineViewCustomDisclosure.swift in Sources */ = {isa = PBXBuildFile; fileRef = AAB92E2024D6090A008E04D1 /* OutlineViewCustomDisclosure.swift */; };
/* End PBXBuildFile section */

/* Begin PBXFileReference section */
		AA17304E24CF91CA004454AB /* KonnectMacOS.app */ = {isa = PBXFileReference; explicitFileType = wrapper.application; includeInIndex = 0; path = KonnectMacOS.app; sourceTree = BUILT_PRODUCTS_DIR; };
		AA17305124CF91CA004454AB /* AppDelegate.swift */ = {isa = PBXFileReference; lastKnownFileType = sourcecode.swift; path = AppDelegate.swift; sourceTree = "<group>"; };
		AA17305324CF91CA004454AB /* ViewController.swift */ = {isa = PBXFileReference; lastKnownFileType = sourcecode.swift; path = ViewController.swift; sourceTree = "<group>"; };
		AA17305524CF91CD004454AB /* Assets.xcassets */ = {isa = PBXFileReference; lastKnownFileType = folder.assetcatalog; path = Assets.xcassets; sourceTree = "<group>"; };
		AA17305824CF91CD004454AB /* Base */ = {isa = PBXFileReference; lastKnownFileType = file.storyboard; name = Base; path = Base.lproj/Main.storyboard; sourceTree = "<group>"; };
		AA17305A24CF91CD004454AB /* Info.plist */ = {isa = PBXFileReference; lastKnownFileType = text.plist.xml; path = Info.plist; sourceTree = "<group>"; };
		AA17305B24CF91CD004454AB /* KonnectMacOS.entitlements */ = {isa = PBXFileReference; lastKnownFileType = text.plist.entitlements; path = KonnectMacOS.entitlements; sourceTree = "<group>"; };
		AA39EAFF24D072EF0000EA70 /* LeftCollViewItem.swift */ = {isa = PBXFileReference; lastKnownFileType = sourcecode.swift; path = LeftCollViewItem.swift; sourceTree = "<group>"; };
		AA39EB0324D07F9A0000EA70 /* RightCollItem.swift */ = {isa = PBXFileReference; lastKnownFileType = sourcecode.swift; path = RightCollItem.swift; sourceTree = "<group>"; };
		AA39EB0924D0836F0000EA70 /* LeftItem.swift */ = {isa = PBXFileReference; lastKnownFileType = sourcecode.swift; path = LeftItem.swift; sourceTree = "<group>"; };
		AA39EB0B24D0850A0000EA70 /* CollViewDelegate.swift */ = {isa = PBXFileReference; lastKnownFileType = sourcecode.swift; path = CollViewDelegate.swift; sourceTree = "<group>"; };
		AA39EB0D24D0854B0000EA70 /* CollViewDatasource.swift */ = {isa = PBXFileReference; lastKnownFileType = sourcecode.swift; path = CollViewDatasource.swift; sourceTree = "<group>"; };
		AA39EB0F24D091D20000EA70 /* RightItem.swift */ = {isa = PBXFileReference; lastKnownFileType = sourcecode.swift; path = RightItem.swift; sourceTree = "<group>"; };
		AA39EB1124D0928A0000EA70 /* Items.swift */ = {isa = PBXFileReference; lastKnownFileType = sourcecode.swift; path = Items.swift; sourceTree = "<group>"; };
		AA6303D224D72F76004558BB /* NSView+bringToFront.swift */ = {isa = PBXFileReference; lastKnownFileType = sourcecode.swift; path = "NSView+bringToFront.swift"; sourceTree = "<group>"; };
		AA6303D424D77224004558BB /* ToolbarItemConfiguration.swift */ = {isa = PBXFileReference; lastKnownFileType = sourcecode.swift; path = ToolbarItemConfiguration.swift; sourceTree = "<group>"; };
		AA6303D624D7772B004558BB /* Toolbar.swift */ = {isa = PBXFileReference; lastKnownFileType = sourcecode.swift; path = Toolbar.swift; sourceTree = "<group>"; };
		AA6303D824D77C62004558BB /* WindowController.swift */ = {isa = PBXFileReference; lastKnownFileType = sourcecode.swift; path = WindowController.swift; sourceTree = "<group>"; };
		AAB92E1624D5B07A008E04D1 /* TableRow.swift */ = {isa = PBXFileReference; lastKnownFileType = sourcecode.swift; path = TableRow.swift; sourceTree = "<group>"; };
		AAB92E1A24D5CCF1008E04D1 /* Outline Delegate.swift */ = {isa = PBXFileReference; lastKnownFileType = sourcecode.swift; path = "Outline Delegate.swift"; sourceTree = "<group>"; };
		AAB92E1C24D5CD33008E04D1 /* Outline DataSource.swift */ = {isa = PBXFileReference; lastKnownFileType = sourcecode.swift; path = "Outline DataSource.swift"; sourceTree = "<group>"; };
		AAB92E1E24D5F7D6008E04D1 /* VerticallyCenteredTextFieldCell.swift */ = {isa = PBXFileReference; lastKnownFileType = sourcecode.swift; path = VerticallyCenteredTextFieldCell.swift; sourceTree = "<group>"; };
		AAB92E2024D6090A008E04D1 /* OutlineViewCustomDisclosure.swift */ = {isa = PBXFileReference; lastKnownFileType = sourcecode.swift; path = OutlineViewCustomDisclosure.swift; sourceTree = "<group>"; };
/* End PBXFileReference section */

/* Begin PBXFrameworksBuildPhase section */
		AA17304B24CF91CA004454AB /* Frameworks */ = {
			isa = PBXFrameworksBuildPhase;
			buildActionMask = 2147483647;
			files = (
			);
			runOnlyForDeploymentPostprocessing = 0;
		};
/* End PBXFrameworksBuildPhase section */

/* Begin PBXGroup section */
		AA17304524CF91CA004454AB = {
			isa = PBXGroup;
			children = (
				AAB92E1524D5B055008E04D1 /* View */,
				AA39EB0824D083430000EA70 /* Model */,
				AA17305024CF91CA004454AB /* KonnectMacOS */,
				AA17304F24CF91CA004454AB /* Products */,
			);
			sourceTree = "<group>";
		};
		AA17304F24CF91CA004454AB /* Products */ = {
			isa = PBXGroup;
			children = (
				AA17304E24CF91CA004454AB /* KonnectMacOS.app */,
			);
			name = Products;
			sourceTree = "<group>";
		};
		AA17305024CF91CA004454AB /* KonnectMacOS */ = {
			isa = PBXGroup;
			children = (
				AA17305124CF91CA004454AB /* AppDelegate.swift */,
				AA6303D824D77C62004558BB /* WindowController.swift */,
				AA6303D624D7772B004558BB /* Toolbar.swift */,
				AA17305324CF91CA004454AB /* ViewController.swift */,
				AA6303D224D72F76004558BB /* NSView+bringToFront.swift */,
				AAB92E1A24D5CCF1008E04D1 /* Outline Delegate.swift */,
				AAB92E1C24D5CD33008E04D1 /* Outline DataSource.swift */,
				AA39EB0B24D0850A0000EA70 /* CollViewDelegate.swift */,
				AA39EB0D24D0854B0000EA70 /* CollViewDatasource.swift */,
				AA17305524CF91CD004454AB /* Assets.xcassets */,
				AA17305724CF91CD004454AB /* Main.storyboard */,
				AA17305A24CF91CD004454AB /* Info.plist */,
				AA17305B24CF91CD004454AB /* KonnectMacOS.entitlements */,
			);
			path = KonnectMacOS;
			sourceTree = "<group>";
		};
		AA39EB0824D083430000EA70 /* Model */ = {
			isa = PBXGroup;
			children = (
				AA39EB0924D0836F0000EA70 /* LeftItem.swift */,
				AA39EB0F24D091D20000EA70 /* RightItem.swift */,
				AA39EB1124D0928A0000EA70 /* Items.swift */,
				AA6303D424D77224004558BB /* ToolbarItemConfiguration.swift */,
			);
			path = Model;
			sourceTree = "<group>";
		};
		AAB92E1524D5B055008E04D1 /* View */ = {
			isa = PBXGroup;
			children = (
				AAB92E1624D5B07A008E04D1 /* TableRow.swift */,
				AAB92E2024D6090A008E04D1 /* OutlineViewCustomDisclosure.swift */,
				AAB92E1E24D5F7D6008E04D1 /* VerticallyCenteredTextFieldCell.swift */,
				AA39EAFF24D072EF0000EA70 /* LeftCollViewItem.swift */,
				AA39EB0324D07F9A0000EA70 /* RightCollItem.swift */,
			);
			path = View;
			sourceTree = "<group>";
		};
/* End PBXGroup section */

/* Begin PBXNativeTarget section */
		AA17304D24CF91CA004454AB /* KonnectMacOS */ = {
			isa = PBXNativeTarget;
			buildConfigurationList = AA17305E24CF91CD004454AB /* Build configuration list for PBXNativeTarget "KonnectMacOS" */;
			buildPhases = (
				AA17304A24CF91CA004454AB /* Sources */,
				AA17304B24CF91CA004454AB /* Frameworks */,
				AA17304C24CF91CA004454AB /* Resources */,
			);
			buildRules = (
			);
			dependencies = (
			);
			name = KonnectMacOS;
			productName = KonnectMacOS;
			productReference = AA17304E24CF91CA004454AB /* KonnectMacOS.app */;
			productType = "com.apple.product-type.application";
		};
/* End PBXNativeTarget section */

/* Begin PBXProject section */
		AA17304624CF91CA004454AB /* Project object */ = {
			isa = PBXProject;
			attributes = {
				LastSwiftUpdateCheck = 1010;
				LastUpgradeCheck = 1010;
				ORGANIZATIONNAME = "Yuma Technical Inc.";
				TargetAttributes = {
					AA17304D24CF91CA004454AB = {
						CreatedOnToolsVersion = 10.1;
						SystemCapabilities = {
							com.apple.Sandbox = {
								enabled = 1;
							};
						};
					};
				};
			};
			buildConfigurationList = AA17304924CF91CA004454AB /* Build configuration list for PBXProject "KonnectMacOS" */;
			compatibilityVersion = "Xcode 9.3";
			developmentRegion = en;
			hasScannedForEncodings = 0;
			knownRegions = (
				en,
				Base,
			);
			mainGroup = AA17304524CF91CA004454AB;
			productRefGroup = AA17304F24CF91CA004454AB /* Products */;
			projectDirPath = "";
			projectRoot = "";
			targets = (
				AA17304D24CF91CA004454AB /* KonnectMacOS */,
			);
		};
/* End PBXProject section */

/* Begin PBXResourcesBuildPhase section */
		AA17304C24CF91CA004454AB /* Resources */ = {
			isa = PBXResourcesBuildPhase;
			buildActionMask = 2147483647;
			files = (
				AA17305624CF91CD004454AB /* Assets.xcassets in Resources */,
				AA17305924CF91CD004454AB /* Main.storyboard in Resources */,
			);
			runOnlyForDeploymentPostprocessing = 0;
		};
/* End PBXResourcesBuildPhase section */

/* Begin PBXSourcesBuildPhase section */
		AA17304A24CF91CA004454AB /* Sources */ = {
			isa = PBXSourcesBuildPhase;
			buildActionMask = 2147483647;
			files = (
				AAB92E1724D5B07A008E04D1 /* TableRow.swift in Sources */,
				AA6303D324D72F76004558BB /* NSView+bringToFront.swift in Sources */,
				AA17305424CF91CA004454AB /* ViewController.swift in Sources */,
				AA6303D524D77224004558BB /* ToolbarItemConfiguration.swift in Sources */,
				AA39EB0A24D0836F0000EA70 /* LeftItem.swift in Sources */,
				AAB92E2124D6090A008E04D1 /* OutlineViewCustomDisclosure.swift in Sources */,
				AA39EB0524D07F9A0000EA70 /* RightCollItem.swift in Sources */,
				AA39EB0E24D0854B0000EA70 /* CollViewDatasource.swift in Sources */,
				AA39EB1224D0928A0000EA70 /* Items.swift in Sources */,
				AA39EB0124D072EF0000EA70 /* LeftCollViewItem.swift in Sources */,
				AA6303D724D7772B004558BB /* Toolbar.swift in Sources */,
				AA17305224CF91CA004454AB /* AppDelegate.swift in Sources */,
				AAB92E1B24D5CCF1008E04D1 /* Outline Delegate.swift in Sources */,
				AA6303D924D77C62004558BB /* WindowController.swift in Sources */,
				AAB92E1F24D5F7D6008E04D1 /* VerticallyCenteredTextFieldCell.swift in Sources */,
				AA39EB0C24D0850A0000EA70 /* CollViewDelegate.swift in Sources */,
				AAB92E1D24D5CD33008E04D1 /* Outline DataSource.swift in Sources */,
				AA39EB1024D091D20000EA70 /* RightItem.swift in Sources */,
			);
			runOnlyForDeploymentPostprocessing = 0;
		};
/* End PBXSourcesBuildPhase section */

/* Begin PBXVariantGroup section */
		AA17305724CF91CD004454AB /* Main.storyboard */ = {
			isa = PBXVariantGroup;
			children = (
				AA17305824CF91CD004454AB /* Base */,
			);
			name = Main.storyboard;
			sourceTree = "<group>";
		};
/* End PBXVariantGroup section */

/* Begin XCBuildConfiguration section */
		AA17305C24CF91CD004454AB /* Debug */ = {
			isa = XCBuildConfiguration;
			buildSettings = {
				ALWAYS_SEARCH_USER_PATHS = NO;
				CLANG_ANALYZER_NONNULL = YES;
				CLANG_ANALYZER_NUMBER_OBJECT_CONVERSION = YES_AGGRESSIVE;
				CLANG_CXX_LANGUAGE_STANDARD = "gnu++14";
				CLANG_CXX_LIBRARY = "libc++";
				CLANG_ENABLE_MODULES = YES;
				CLANG_ENABLE_OBJC_ARC = YES;
				CLANG_ENABLE_OBJC_WEAK = YES;
				CLANG_WARN_BLOCK_CAPTURE_AUTORELEASING = YES;
				CLANG_WARN_BOOL_CONVERSION = YES;
				CLANG_WARN_COMMA = YES;
				CLANG_WARN_CONSTANT_CONVERSION = YES;
				CLANG_WARN_DEPRECATED_OBJC_IMPLEMENTATIONS = YES;
				CLANG_WARN_DIRECT_OBJC_ISA_USAGE = YES_ERROR;
				CLANG_WARN_DOCUMENTATION_COMMENTS = YES;
				CLANG_WARN_EMPTY_BODY = YES;
				CLANG_WARN_ENUM_CONVERSION = YES;
				CLANG_WARN_INFINITE_RECURSION = YES;
				CLANG_WARN_INT_CONVERSION = YES;
				CLANG_WARN_NON_LITERAL_NULL_CONVERSION = YES;
				CLANG_WARN_OBJC_IMPLICIT_RETAIN_SELF = YES;
				CLANG_WARN_OBJC_LITERAL_CONVERSION = YES;
				CLANG_WARN_OBJC_ROOT_CLASS = YES_ERROR;
				CLANG_WARN_RANGE_LOOP_ANALYSIS = YES;
				CLANG_WARN_STRICT_PROTOTYPES = YES;
				CLANG_WARN_SUSPICIOUS_MOVE = YES;
				CLANG_WARN_UNGUARDED_AVAILABILITY = YES_AGGRESSIVE;
				CLANG_WARN_UNREACHABLE_CODE = YES;
				CLANG_WARN__DUPLICATE_METHOD_MATCH = YES;
				CODE_SIGN_IDENTITY = "Mac Developer";
				COPY_PHASE_STRIP = NO;
				DEBUG_INFORMATION_FORMAT = dwarf;
				ENABLE_STRICT_OBJC_MSGSEND = YES;
				ENABLE_TESTABILITY = YES;
				GCC_C_LANGUAGE_STANDARD = gnu11;
				GCC_DYNAMIC_NO_PIC = NO;
				GCC_NO_COMMON_BLOCKS = YES;
				GCC_OPTIMIZATION_LEVEL = 0;
				GCC_PREPROCESSOR_DEFINITIONS = (
					"DEBUG=1",
					"$(inherited)",
				);
				GCC_WARN_64_TO_32_BIT_CONVERSION = YES;
				GCC_WARN_ABOUT_RETURN_TYPE = YES_ERROR;
				GCC_WARN_UNDECLARED_SELECTOR = YES;
				GCC_WARN_UNINITIALIZED_AUTOS = YES_AGGRESSIVE;
				GCC_WARN_UNUSED_FUNCTION = YES;
				GCC_WARN_UNUSED_VARIABLE = YES;
				MACOSX_DEPLOYMENT_TARGET = 10.13;
				MTL_ENABLE_DEBUG_INFO = INCLUDE_SOURCE;
				MTL_FAST_MATH = YES;
				ONLY_ACTIVE_ARCH = YES;
				SDKROOT = macosx;
				SWIFT_ACTIVE_COMPILATION_CONDITIONS = DEBUG;
				SWIFT_OPTIMIZATION_LEVEL = "-Onone";
			};
			name = Debug;
		};
		AA17305D24CF91CD004454AB /* Release */ = {
			isa = XCBuildConfiguration;
			buildSettings = {
				ALWAYS_SEARCH_USER_PATHS = NO;
				CLANG_ANALYZER_NONNULL = YES;
				CLANG_ANALYZER_NUMBER_OBJECT_CONVERSION = YES_AGGRESSIVE;
				CLANG_CXX_LANGUAGE_STANDARD = "gnu++14";
				CLANG_CXX_LIBRARY = "libc++";
				CLANG_ENABLE_MODULES = YES;
				CLANG_ENABLE_OBJC_ARC = YES;
				CLANG_ENABLE_OBJC_WEAK = YES;
				CLANG_WARN_BLOCK_CAPTURE_AUTORELEASING = YES;
				CLANG_WARN_BOOL_CONVERSION = YES;
				CLANG_WARN_COMMA = YES;
				CLANG_WARN_CONSTANT_CONVERSION = YES;
				CLANG_WARN_DEPRECATED_OBJC_IMPLEMENTATIONS = YES;
				CLANG_WARN_DIRECT_OBJC_ISA_USAGE = YES_ERROR;
				CLANG_WARN_DOCUMENTATION_COMMENTS = YES;
				CLANG_WARN_EMPTY_BODY = YES;
				CLANG_WARN_ENUM_CONVERSION = YES;
				CLANG_WARN_INFINITE_RECURSION = YES;
				CLANG_WARN_INT_CONVERSION = YES;
				CLANG_WARN_NON_LITERAL_NULL_CONVERSION = YES;
				CLANG_WARN_OBJC_IMPLICIT_RETAIN_SELF = YES;
				CLANG_WARN_OBJC_LITERAL_CONVERSION = YES;
				CLANG_WARN_OBJC_ROOT_CLASS = YES_ERROR;
				CLANG_WARN_RANGE_LOOP_ANALYSIS = YES;
				CLANG_WARN_STRICT_PROTOTYPES = YES;
				CLANG_WARN_SUSPICIOUS_MOVE = YES;
				CLANG_WARN_UNGUARDED_AVAILABILITY = YES_AGGRESSIVE;
				CLANG_WARN_UNREACHABLE_CODE = YES;
				CLANG_WARN__DUPLICATE_METHOD_MATCH = YES;
				CODE_SIGN_IDENTITY = "Mac Developer";
				COPY_PHASE_STRIP = NO;
				DEBUG_INFORMATION_FORMAT = "dwarf-with-dsym";
				ENABLE_NS_ASSERTIONS = NO;
				ENABLE_STRICT_OBJC_MSGSEND = YES;
				GCC_C_LANGUAGE_STANDARD = gnu11;
				GCC_NO_COMMON_BLOCKS = YES;
				GCC_WARN_64_TO_32_BIT_CONVERSION = YES;
				GCC_WARN_ABOUT_RETURN_TYPE = YES_ERROR;
				GCC_WARN_UNDECLARED_SELECTOR = YES;
				GCC_WARN_UNINITIALIZED_AUTOS = YES_AGGRESSIVE;
				GCC_WARN_UNUSED_FUNCTION = YES;
				GCC_WARN_UNUSED_VARIABLE = YES;
				MACOSX_DEPLOYMENT_TARGET = 10.13;
				MTL_ENABLE_DEBUG_INFO = NO;
				MTL_FAST_MATH = YES;
				SDKROOT = macosx;
				SWIFT_COMPILATION_MODE = wholemodule;
				SWIFT_OPTIMIZATION_LEVEL = "-O";
			};
			name = Release;
		};
		AA17305F24CF91CD004454AB /* Debug */ = {
			isa = XCBuildConfiguration;
			buildSettings = {
				ASSETCATALOG_COMPILER_APPICON_NAME = AppIcon;
				CODE_SIGN_ENTITLEMENTS = KonnectMacOS/KonnectMacOS.entitlements;
				CODE_SIGN_STYLE = Automatic;
				COMBINE_HIDPI_IMAGES = YES;
				DEVELOPMENT_TEAM = AA7972LFAF;
				INFOPLIST_FILE = KonnectMacOS/Info.plist;
				LD_RUNPATH_SEARCH_PATHS = (
					"$(inherited)",
					"@executable_path/../Frameworks",
				);
				PRODUCT_BUNDLE_IDENTIFIER = Yuma.KonnectMacOS;
				PRODUCT_NAME = "$(TARGET_NAME)";
				SWIFT_VERSION = 4.2;
			};
			name = Debug;
		};
		AA17306024CF91CD004454AB /* Release */ = {
			isa = XCBuildConfiguration;
			buildSettings = {
				ASSETCATALOG_COMPILER_APPICON_NAME = AppIcon;
				CODE_SIGN_ENTITLEMENTS = KonnectMacOS/KonnectMacOS.entitlements;
				CODE_SIGN_STYLE = Automatic;
				COMBINE_HIDPI_IMAGES = YES;
				DEVELOPMENT_TEAM = AA7972LFAF;
				INFOPLIST_FILE = KonnectMacOS/Info.plist;
				LD_RUNPATH_SEARCH_PATHS = (
					"$(inherited)",
					"@executable_path/../Frameworks",
				);
				PRODUCT_BUNDLE_IDENTIFIER = Yuma.KonnectMacOS;
				PRODUCT_NAME = "$(TARGET_NAME)";
				SWIFT_VERSION = 4.2;
			};
			name = Release;
		};
/* End XCBuildConfiguration section */

/* Begin XCConfigurationList section */
		AA17304924CF91CA004454AB /* Build configuration list for PBXProject "KonnectMacOS" */ = {
			isa = XCConfigurationList;
			buildConfigurations = (
				AA17305C24CF91CD004454AB /* Debug */,
				AA17305D24CF91CD004454AB /* Release */,
			);
			defaultConfigurationIsVisible = 0;
			defaultConfigurationName = Release;
		};
		AA17305E24CF91CD004454AB /* Build configuration list for PBXNativeTarget "KonnectMacOS" */ = {
			isa = XCConfigurationList;
			buildConfigurations = (
				AA17305F24CF91CD004454AB /* Debug */,
				AA17306024CF91CD004454AB /* Release */,
			);
			defaultConfigurationIsVisible = 0;
			defaultConfigurationName = Release;
		};
/* End XCConfigurationList section */
	};
	rootObject = AA17304624CF91CA004454AB /* Project object */;
}
